
Microsoft Visual Studio Solution File, Format Version 12.00
# Visual Studio Version 17
VisualStudioVersion = 17.7.34202.233
MinimumVisualStudioVersion = 10.0.40219.1
Project("{9A19103F-16F7-4668-BE54-9A1E7A4F7556}") = "InnoSetupTools", "InnoSetupTools\InnoSetupTools.csproj", "{8652DE25-F460-4F65-8288-40DAA2506C57}"
EndProject
Project("{9A19103F-16F7-4668-BE54-9A1E7A4F7556}") = "SetAppVersionLib", "SetAppVersion\SetAppVersionLib\SetAppVersionLib.csproj", "{C9ACE169-2D60-458C-8B3E-09835846202F}"
EndProject
Global
	GlobalSection(SolutionConfigurationPlatforms) = preSolution
		Debug|Any CPU = Debug|Any CPU
		Release|Any CPU = Release|Any CPU
	EndGlobalSection
	GlobalSection(ProjectConfigurationPlatforms) = postSolution
		{8652DE25-F460-4F65-8288-40DAA2506C57}.Debug|Any CPU.ActiveCfg = Debug|Any CPU
		{8652DE25-F460-4F65-8288-40DAA2506C57}.Debug|Any CPU.Build.0 = Debug|Any CPU
		{8652DE25-F460-4F65-8288-40DAA2506C57}.Release|Any CPU.ActiveCfg = Release|Any CPU
		{8652DE25-F460-4F65-8288-40DAA2506C57}.Release|Any CPU.Build.0 = Release|Any CPU
		{C9ACE169-2D60-458C-8B3E-09835846202F}.Debug|Any CPU.ActiveCfg = Debug|Any CPU
		{C9ACE169-2D60-458C-8B3E-09835846202F}.Debug|Any CPU.Build.0 = Debug|Any CPU
		{C9ACE169-2D60-458C-8B3E-09835846202F}.Release|Any CPU.ActiveCfg = Release|Any CPU
		{C9ACE169-2D60-458C-8B3E-09835846202F}.Release|Any CPU.Build.0 = Release|Any CPU
	EndGlobalSection
	GlobalSection(SolutionProperties) = preSolution
		HideSolutionNode = FALSE
	EndGlobalSection
	GlobalSection(ExtensibilityGlobals) = postSolution
		SolutionGuid = {85BA3345-ECA7-4C76-B283-ED885436EE49}
	EndGlobalSection
EndGlobal
